// !$*UTF8*$!
{
	archiveVersion = 1;
	classes = {
	};
	objectVersion = 50;
	objects = {

/* Begin PBXBuildFile section */
		2623BCCD22880F4B00C16F67 /* SearchHistoryManager.swift in Sources */ = {isa = PBXBuildFile; fileRef = 2623BCCC22880F4B00C16F67 /* SearchHistoryManager.swift */; };
		2623BCCF2288136600C16F67 /* SearchHistoryManagerTests.swift in Sources */ = {isa = PBXBuildFile; fileRef = 2623BCCE2288136600C16F67 /* SearchHistoryManagerTests.swift */; };
		2623BCD22288232300C16F67 /* ArticlesViewController.swift in Sources */ = {isa = PBXBuildFile; fileRef = 2623BCD12288232300C16F67 /* ArticlesViewController.swift */; };
		2623BCD42288281D00C16F67 /* ArticleCollectionViewCell.swift in Sources */ = {isa = PBXBuildFile; fileRef = 2623BCD32288281D00C16F67 /* ArticleCollectionViewCell.swift */; };
		2623BCD62288458D00C16F67 /* ArticleDetailsViewController.swift in Sources */ = {isa = PBXBuildFile; fileRef = 2623BCD52288458D00C16F67 /* ArticleDetailsViewController.swift */; };
		2623BCD922886C4700C16F67 /* CustomActivityIndicatorView.swift in Sources */ = {isa = PBXBuildFile; fileRef = 2623BCD822886C4700C16F67 /* CustomActivityIndicatorView.swift */; };
		2623BCDB22886E6A00C16F67 /* ArticleTests.swift in Sources */ = {isa = PBXBuildFile; fileRef = 2623BCDA22886E6A00C16F67 /* ArticleTests.swift */; };
		2623BCDD22887B4600C16F67 /* CustomImageView.swift in Sources */ = {isa = PBXBuildFile; fileRef = 2623BCDC22887B4600C16F67 /* CustomImageView.swift */; };
		2623BCDF2288811800C16F67 /* SearchHistoryCollectionViewCell.swift in Sources */ = {isa = PBXBuildFile; fileRef = 2623BCDE2288811800C16F67 /* SearchHistoryCollectionViewCell.swift */; };
		2623BCE222888E9D00C16F67 /* ArticleDataProvider.swift in Sources */ = {isa = PBXBuildFile; fileRef = 2623BCE122888E9D00C16F67 /* ArticleDataProvider.swift */; };
		2623BCE82288A23500C16F67 /* ArticleDataProviderTests.swift in Sources */ = {isa = PBXBuildFile; fileRef = 2623BCE72288A23500C16F67 /* ArticleDataProviderTests.swift */; };
		2644008D228B2DDC00722F85 /* ArticlesViewControllerTests.swift in Sources */ = {isa = PBXBuildFile; fileRef = 2644008C228B2DDC00722F85 /* ArticlesViewControllerTests.swift */; };
		2658C20D22871BF500C30B0E /* AppDelegate.swift in Sources */ = {isa = PBXBuildFile; fileRef = 2658C20C22871BF500C30B0E /* AppDelegate.swift */; };
		2658C21222871BF500C30B0E /* Main.storyboard in Resources */ = {isa = PBXBuildFile; fileRef = 2658C21022871BF500C30B0E /* Main.storyboard */; };
		2658C21422871BF800C30B0E /* Assets.xcassets in Resources */ = {isa = PBXBuildFile; fileRef = 2658C21322871BF800C30B0E /* Assets.xcassets */; };
		2658C21722871BF800C30B0E /* LaunchScreen.storyboard in Resources */ = {isa = PBXBuildFile; fileRef = 2658C21522871BF800C30B0E /* LaunchScreen.storyboard */; };
		2658C22D22871BF900C30B0E /* PropertyGuruAssignmentUITests.swift in Sources */ = {isa = PBXBuildFile; fileRef = 2658C22C22871BF900C30B0E /* PropertyGuruAssignmentUITests.swift */; };
		2658C23B22874B8F00C30B0E /* ArticleManagerTests.swift in Sources */ = {isa = PBXBuildFile; fileRef = 2658C23A22874B8F00C30B0E /* ArticleManagerTests.swift */; };
		2658C23E22874BA000C30B0E /* ArticleManager.swift in Sources */ = {isa = PBXBuildFile; fileRef = 2658C23D22874BA000C30B0E /* ArticleManager.swift */; };
		2658C24122874CE100C30B0E /* Article.swift in Sources */ = {isa = PBXBuildFile; fileRef = 2658C24022874CE100C30B0E /* Article.swift */; };
		2658C2442287581A00C30B0E /* Constants.swift in Sources */ = {isa = PBXBuildFile; fileRef = 2658C2432287581A00C30B0E /* Constants.swift */; };
		2658C246228759C000C30B0E /* UrlBuilder.swift in Sources */ = {isa = PBXBuildFile; fileRef = 2658C245228759C000C30B0E /* UrlBuilder.swift */; };
		2658C24822875A0500C30B0E /* UrlBuilderTests.swift in Sources */ = {isa = PBXBuildFile; fileRef = 2658C24722875A0500C30B0E /* UrlBuilderTests.swift */; };
		26A97A842289E18D001033E1 /* SearchHistoryDataProvider.swift in Sources */ = {isa = PBXBuildFile; fileRef = 26A97A832289E18D001033E1 /* SearchHistoryDataProvider.swift */; };
		26A97A862289EE46001033E1 /* SearchHistoryDataProviderTests.swift in Sources */ = {isa = PBXBuildFile; fileRef = 26A97A852289EE46001033E1 /* SearchHistoryDataProviderTests.swift */; };
/* End PBXBuildFile section */

/* Begin PBXContainerItemProxy section */
		2658C21E22871BF900C30B0E /* PBXContainerItemProxy */ = {
			isa = PBXContainerItemProxy;
			containerPortal = 2658C20122871BF500C30B0E /* Project object */;
			proxyType = 1;
			remoteGlobalIDString = 2658C20822871BF500C30B0E;
			remoteInfo = PropertyGuruAssignment;
		};
		2658C22922871BF900C30B0E /* PBXContainerItemProxy */ = {
			isa = PBXContainerItemProxy;
			containerPortal = 2658C20122871BF500C30B0E /* Project object */;
			proxyType = 1;
			remoteGlobalIDString = 2658C20822871BF500C30B0E;
			remoteInfo = PropertyGuruAssignment;
		};
/* End PBXContainerItemProxy section */

/* Begin PBXFileReference section */
		2623BCCC22880F4B00C16F67 /* SearchHistoryManager.swift */ = {isa = PBXFileReference; lastKnownFileType = sourcecode.swift; path = SearchHistoryManager.swift; sourceTree = "<group>"; };
		2623BCCE2288136600C16F67 /* SearchHistoryManagerTests.swift */ = {isa = PBXFileReference; lastKnownFileType = sourcecode.swift; path = SearchHistoryManagerTests.swift; sourceTree = "<group>"; };
		2623BCD12288232300C16F67 /* ArticlesViewController.swift */ = {isa = PBXFileReference; lastKnownFileType = sourcecode.swift; path = ArticlesViewController.swift; sourceTree = "<group>"; };
		2623BCD32288281D00C16F67 /* ArticleCollectionViewCell.swift */ = {isa = PBXFileReference; lastKnownFileType = sourcecode.swift; path = ArticleCollectionViewCell.swift; sourceTree = "<group>"; };
		2623BCD52288458D00C16F67 /* ArticleDetailsViewController.swift */ = {isa = PBXFileReference; lastKnownFileType = sourcecode.swift; path = ArticleDetailsViewController.swift; sourceTree = "<group>"; };
		2623BCD822886C4700C16F67 /* CustomActivityIndicatorView.swift */ = {isa = PBXFileReference; lastKnownFileType = sourcecode.swift; path = CustomActivityIndicatorView.swift; sourceTree = "<group>"; };
		2623BCDA22886E6A00C16F67 /* ArticleTests.swift */ = {isa = PBXFileReference; lastKnownFileType = sourcecode.swift; path = ArticleTests.swift; sourceTree = "<group>"; };
		2623BCDC22887B4600C16F67 /* CustomImageView.swift */ = {isa = PBXFileReference; lastKnownFileType = sourcecode.swift; path = CustomImageView.swift; sourceTree = "<group>"; };
		2623BCDE2288811800C16F67 /* SearchHistoryCollectionViewCell.swift */ = {isa = PBXFileReference; lastKnownFileType = sourcecode.swift; path = SearchHistoryCollectionViewCell.swift; sourceTree = "<group>"; };
		2623BCE122888E9D00C16F67 /* ArticleDataProvider.swift */ = {isa = PBXFileReference; lastKnownFileType = sourcecode.swift; path = ArticleDataProvider.swift; sourceTree = "<group>"; };
		2623BCE72288A23500C16F67 /* ArticleDataProviderTests.swift */ = {isa = PBXFileReference; lastKnownFileType = sourcecode.swift; path = ArticleDataProviderTests.swift; sourceTree = "<group>"; };
		2644008C228B2DDC00722F85 /* ArticlesViewControllerTests.swift */ = {isa = PBXFileReference; lastKnownFileType = sourcecode.swift; path = ArticlesViewControllerTests.swift; sourceTree = "<group>"; };
		2658C20922871BF500C30B0E /* PropertyGuruAssignment.app */ = {isa = PBXFileReference; explicitFileType = wrapper.application; includeInIndex = 0; path = PropertyGuruAssignment.app; sourceTree = BUILT_PRODUCTS_DIR; };
		2658C20C22871BF500C30B0E /* AppDelegate.swift */ = {isa = PBXFileReference; lastKnownFileType = sourcecode.swift; path = AppDelegate.swift; sourceTree = "<group>"; };
		2658C21122871BF500C30B0E /* Base */ = {isa = PBXFileReference; lastKnownFileType = file.storyboard; name = Base; path = Base.lproj/Main.storyboard; sourceTree = "<group>"; };
		2658C21322871BF800C30B0E /* Assets.xcassets */ = {isa = PBXFileReference; lastKnownFileType = folder.assetcatalog; path = Assets.xcassets; sourceTree = "<group>"; };
		2658C21622871BF800C30B0E /* Base */ = {isa = PBXFileReference; lastKnownFileType = file.storyboard; name = Base; path = Base.lproj/LaunchScreen.storyboard; sourceTree = "<group>"; };
		2658C21822871BF800C30B0E /* Info.plist */ = {isa = PBXFileReference; lastKnownFileType = text.plist.xml; path = Info.plist; sourceTree = "<group>"; };
		2658C21D22871BF900C30B0E /* PropertyGuruAssignmentTests.xctest */ = {isa = PBXFileReference; explicitFileType = wrapper.cfbundle; includeInIndex = 0; path = PropertyGuruAssignmentTests.xctest; sourceTree = BUILT_PRODUCTS_DIR; };
		2658C22322871BF900C30B0E /* Info.plist */ = {isa = PBXFileReference; lastKnownFileType = text.plist.xml; path = Info.plist; sourceTree = "<group>"; };
		2658C22822871BF900C30B0E /* PropertyGuruAssignmentUITests.xctest */ = {isa = PBXFileReference; explicitFileType = wrapper.cfbundle; includeInIndex = 0; path = PropertyGuruAssignmentUITests.xctest; sourceTree = BUILT_PRODUCTS_DIR; };
		2658C22C22871BF900C30B0E /* PropertyGuruAssignmentUITests.swift */ = {isa = PBXFileReference; lastKnownFileType = sourcecode.swift; path = PropertyGuruAssignmentUITests.swift; sourceTree = "<group>"; };
		2658C22E22871BF900C30B0E /* Info.plist */ = {isa = PBXFileReference; lastKnownFileType = text.plist.xml; path = Info.plist; sourceTree = "<group>"; };
		2658C23A22874B8F00C30B0E /* ArticleManagerTests.swift */ = {isa = PBXFileReference; lastKnownFileType = sourcecode.swift; path = ArticleManagerTests.swift; sourceTree = "<group>"; };
		2658C23D22874BA000C30B0E /* ArticleManager.swift */ = {isa = PBXFileReference; lastKnownFileType = sourcecode.swift; path = ArticleManager.swift; sourceTree = "<group>"; };
		2658C24022874CE100C30B0E /* Article.swift */ = {isa = PBXFileReference; lastKnownFileType = sourcecode.swift; path = Article.swift; sourceTree = "<group>"; };
		2658C2432287581A00C30B0E /* Constants.swift */ = {isa = PBXFileReference; lastKnownFileType = sourcecode.swift; path = Constants.swift; sourceTree = "<group>"; };
		2658C245228759C000C30B0E /* UrlBuilder.swift */ = {isa = PBXFileReference; lastKnownFileType = sourcecode.swift; path = UrlBuilder.swift; sourceTree = "<group>"; };
		2658C24722875A0500C30B0E /* UrlBuilderTests.swift */ = {isa = PBXFileReference; lastKnownFileType = sourcecode.swift; path = UrlBuilderTests.swift; sourceTree = "<group>"; };
		26A97A832289E18D001033E1 /* SearchHistoryDataProvider.swift */ = {isa = PBXFileReference; lastKnownFileType = sourcecode.swift; path = SearchHistoryDataProvider.swift; sourceTree = "<group>"; };
		26A97A852289EE46001033E1 /* SearchHistoryDataProviderTests.swift */ = {isa = PBXFileReference; lastKnownFileType = sourcecode.swift; path = SearchHistoryDataProviderTests.swift; sourceTree = "<group>"; };
/* End PBXFileReference section */

/* Begin PBXFrameworksBuildPhase section */
		2658C20622871BF500C30B0E /* Frameworks */ = {
			isa = PBXFrameworksBuildPhase;
			buildActionMask = 2147483647;
			files = (
			);
			runOnlyForDeploymentPostprocessing = 0;
		};
		2658C21A22871BF900C30B0E /* Frameworks */ = {
			isa = PBXFrameworksBuildPhase;
			buildActionMask = 2147483647;
			files = (
			);
			runOnlyForDeploymentPostprocessing = 0;
		};
		2658C22522871BF900C30B0E /* Frameworks */ = {
			isa = PBXFrameworksBuildPhase;
			buildActionMask = 2147483647;
			files = (
			);
			runOnlyForDeploymentPostprocessing = 0;
		};
/* End PBXFrameworksBuildPhase section */

/* Begin PBXGroup section */
		2623BCD02288231700C16F67 /* Views */ = {
			isa = PBXGroup;
			children = (
				2623BCD12288232300C16F67 /* ArticlesViewController.swift */,
				2623BCD52288458D00C16F67 /* ArticleDetailsViewController.swift */,
				2623BCD32288281D00C16F67 /* ArticleCollectionViewCell.swift */,
				2623BCDE2288811800C16F67 /* SearchHistoryCollectionViewCell.swift */,
			);
			path = Views;
			sourceTree = "<group>";
		};
		2623BCD722886C0900C16F67 /* CustomViews */ = {
			isa = PBXGroup;
			children = (
				2623BCD822886C4700C16F67 /* CustomActivityIndicatorView.swift */,
				2623BCDC22887B4600C16F67 /* CustomImageView.swift */,
			);
			path = CustomViews;
			sourceTree = "<group>";
		};
		2623BCE022888D2C00C16F67 /* DataSources */ = {
			isa = PBXGroup;
			children = (
				2623BCE122888E9D00C16F67 /* ArticleDataProvider.swift */,
				26A97A832289E18D001033E1 /* SearchHistoryDataProvider.swift */,
			);
			path = DataSources;
			sourceTree = "<group>";
		};
		2658C20022871BF500C30B0E = {
			isa = PBXGroup;
			children = (
				2658C20B22871BF500C30B0E /* PropertyGuruAssignment */,
				2658C22022871BF900C30B0E /* PropertyGuruAssignmentTests */,
				2658C22B22871BF900C30B0E /* PropertyGuruAssignmentUITests */,
				2658C20A22871BF500C30B0E /* Products */,
			);
			sourceTree = "<group>";
		};
		2658C20A22871BF500C30B0E /* Products */ = {
			isa = PBXGroup;
			children = (
				2658C20922871BF500C30B0E /* PropertyGuruAssignment.app */,
				2658C21D22871BF900C30B0E /* PropertyGuruAssignmentTests.xctest */,
				2658C22822871BF900C30B0E /* PropertyGuruAssignmentUITests.xctest */,
			);
			name = Products;
			sourceTree = "<group>";
		};
		2658C20B22871BF500C30B0E /* PropertyGuruAssignment */ = {
			isa = PBXGroup;
			children = (
				2623BCE022888D2C00C16F67 /* DataSources */,
				2623BCD722886C0900C16F67 /* CustomViews */,
				2623BCD02288231700C16F67 /* Views */,
				2658C2422287581000C30B0E /* Constants */,
				2658C23F22874CD900C30B0E /* Models */,
				2658C23C22874B9300C30B0E /* Managers */,
				2658C20C22871BF500C30B0E /* AppDelegate.swift */,
				2658C21022871BF500C30B0E /* Main.storyboard */,
				2658C21322871BF800C30B0E /* Assets.xcassets */,
				2658C21522871BF800C30B0E /* LaunchScreen.storyboard */,
				2658C21822871BF800C30B0E /* Info.plist */,
			);
			path = PropertyGuruAssignment;
			sourceTree = "<group>";
		};
		2658C22022871BF900C30B0E /* PropertyGuruAssignmentTests */ = {
			isa = PBXGroup;
			children = (
				2658C22322871BF900C30B0E /* Info.plist */,
				2658C23A22874B8F00C30B0E /* ArticleManagerTests.swift */,
				2658C24722875A0500C30B0E /* UrlBuilderTests.swift */,
				2623BCCE2288136600C16F67 /* SearchHistoryManagerTests.swift */,
				2623BCDA22886E6A00C16F67 /* ArticleTests.swift */,
				2623BCE72288A23500C16F67 /* ArticleDataProviderTests.swift */,
				26A97A852289EE46001033E1 /* SearchHistoryDataProviderTests.swift */,
				2644008C228B2DDC00722F85 /* ArticlesViewControllerTests.swift */,
			);
			path = PropertyGuruAssignmentTests;
			sourceTree = "<group>";
		};
		2658C22B22871BF900C30B0E /* PropertyGuruAssignmentUITests */ = {
			isa = PBXGroup;
			children = (
				2658C22C22871BF900C30B0E /* PropertyGuruAssignmentUITests.swift */,
				2658C22E22871BF900C30B0E /* Info.plist */,
			);
			path = PropertyGuruAssignmentUITests;
			sourceTree = "<group>";
		};
		2658C23C22874B9300C30B0E /* Managers */ = {
			isa = PBXGroup;
			children = (
				2658C23D22874BA000C30B0E /* ArticleManager.swift */,
				2658C245228759C000C30B0E /* UrlBuilder.swift */,
				2623BCCC22880F4B00C16F67 /* SearchHistoryManager.swift */,
			);
			path = Managers;
			sourceTree = "<group>";
		};
		2658C23F22874CD900C30B0E /* Models */ = {
			isa = PBXGroup;
			children = (
				2658C24022874CE100C30B0E /* Article.swift */,
			);
			path = Models;
			sourceTree = "<group>";
		};
		2658C2422287581000C30B0E /* Constants */ = {
			isa = PBXGroup;
			children = (
				2658C2432287581A00C30B0E /* Constants.swift */,
			);
			path = Constants;
			sourceTree = "<group>";
		};
/* End PBXGroup section */

/* Begin PBXNativeTarget section */
		2658C20822871BF500C30B0E /* PropertyGuruAssignment */ = {
			isa = PBXNativeTarget;
			buildConfigurationList = 2658C23122871BF900C30B0E /* Build configuration list for PBXNativeTarget "PropertyGuruAssignment" */;
			buildPhases = (
				2658C20522871BF500C30B0E /* Sources */,
				2658C20622871BF500C30B0E /* Frameworks */,
				2658C20722871BF500C30B0E /* Resources */,
			);
			buildRules = (
			);
			dependencies = (
			);
			name = PropertyGuruAssignment;
			productName = PropertyGuruAssignment;
			productReference = 2658C20922871BF500C30B0E /* PropertyGuruAssignment.app */;
			productType = "com.apple.product-type.application";
		};
		2658C21C22871BF900C30B0E /* PropertyGuruAssignmentTests */ = {
			isa = PBXNativeTarget;
			buildConfigurationList = 2658C23422871BF900C30B0E /* Build configuration list for PBXNativeTarget "PropertyGuruAssignmentTests" */;
			buildPhases = (
				2658C21922871BF900C30B0E /* Sources */,
				2658C21A22871BF900C30B0E /* Frameworks */,
				2658C21B22871BF900C30B0E /* Resources */,
			);
			buildRules = (
			);
			dependencies = (
				2658C21F22871BF900C30B0E /* PBXTargetDependency */,
			);
			name = PropertyGuruAssignmentTests;
			productName = PropertyGuruAssignmentTests;
			productReference = 2658C21D22871BF900C30B0E /* PropertyGuruAssignmentTests.xctest */;
			productType = "com.apple.product-type.bundle.unit-test";
		};
		2658C22722871BF900C30B0E /* PropertyGuruAssignmentUITests */ = {
			isa = PBXNativeTarget;
			buildConfigurationList = 2658C23722871BF900C30B0E /* Build configuration list for PBXNativeTarget "PropertyGuruAssignmentUITests" */;
			buildPhases = (
				2658C22422871BF900C30B0E /* Sources */,
				2658C22522871BF900C30B0E /* Frameworks */,
				2658C22622871BF900C30B0E /* Resources */,
			);
			buildRules = (
			);
			dependencies = (
				2658C22A22871BF900C30B0E /* PBXTargetDependency */,
			);
			name = PropertyGuruAssignmentUITests;
			productName = PropertyGuruAssignmentUITests;
			productReference = 2658C22822871BF900C30B0E /* PropertyGuruAssignmentUITests.xctest */;
			productType = "com.apple.product-type.bundle.ui-testing";
		};
/* End PBXNativeTarget section */

/* Begin PBXProject section */
		2658C20122871BF500C30B0E /* Project object */ = {
			isa = PBXProject;
			attributes = {
				LastSwiftUpdateCheck = 1010;
				LastUpgradeCheck = 1010;
				ORGANIZATIONNAME = "Duy Nguyen";
				TargetAttributes = {
					2658C20822871BF500C30B0E = {
						CreatedOnToolsVersion = 10.1;
					};
					2658C21C22871BF900C30B0E = {
						CreatedOnToolsVersion = 10.1;
						TestTargetID = 2658C20822871BF500C30B0E;
					};
					2658C22722871BF900C30B0E = {
						CreatedOnToolsVersion = 10.1;
						TestTargetID = 2658C20822871BF500C30B0E;
					};
				};
			};
			buildConfigurationList = 2658C20422871BF500C30B0E /* Build configuration list for PBXProject "PropertyGuruAssignment" */;
			compatibilityVersion = "Xcode 9.3";
			developmentRegion = en;
			hasScannedForEncodings = 0;
			knownRegions = (
				en,
				Base,
			);
			mainGroup = 2658C20022871BF500C30B0E;
			productRefGroup = 2658C20A22871BF500C30B0E /* Products */;
			projectDirPath = "";
			projectRoot = "";
			targets = (
				2658C20822871BF500C30B0E /* PropertyGuruAssignment */,
				2658C21C22871BF900C30B0E /* PropertyGuruAssignmentTests */,
				2658C22722871BF900C30B0E /* PropertyGuruAssignmentUITests */,
			);
		};
/* End PBXProject section */

/* Begin PBXResourcesBuildPhase section */
		2658C20722871BF500C30B0E /* Resources */ = {
			isa = PBXResourcesBuildPhase;
			buildActionMask = 2147483647;
			files = (
				2658C21722871BF800C30B0E /* LaunchScreen.storyboard in Resources */,
				2658C21422871BF800C30B0E /* Assets.xcassets in Resources */,
				2658C21222871BF500C30B0E /* Main.storyboard in Resources */,
			);
			runOnlyForDeploymentPostprocessing = 0;
		};
		2658C21B22871BF900C30B0E /* Resources */ = {
			isa = PBXResourcesBuildPhase;
			buildActionMask = 2147483647;
			files = (
			);
			runOnlyForDeploymentPostprocessing = 0;
		};
		2658C22622871BF900C30B0E /* Resources */ = {
			isa = PBXResourcesBuildPhase;
			buildActionMask = 2147483647;
			files = (
			);
			runOnlyForDeploymentPostprocessing = 0;
		};
/* End PBXResourcesBuildPhase section */

/* Begin PBXSourcesBuildPhase section */
		2658C20522871BF500C30B0E /* Sources */ = {
			isa = PBXSourcesBuildPhase;
			buildActionMask = 2147483647;
			files = (
				2658C2442287581A00C30B0E /* Constants.swift in Sources */,
				2658C24122874CE100C30B0E /* Article.swift in Sources */,
				2623BCD62288458D00C16F67 /* ArticleDetailsViewController.swift in Sources */,
				2658C246228759C000C30B0E /* UrlBuilder.swift in Sources */,
				2623BCD22288232300C16F67 /* ArticlesViewController.swift in Sources */,
				2658C23E22874BA000C30B0E /* ArticleManager.swift in Sources */,
				26A97A842289E18D001033E1 /* SearchHistoryDataProvider.swift in Sources */,
				2623BCD42288281D00C16F67 /* ArticleCollectionViewCell.swift in Sources */,
				2623BCDD22887B4600C16F67 /* CustomImageView.swift in Sources */,
				2623BCCD22880F4B00C16F67 /* SearchHistoryManager.swift in Sources */,
				2623BCD922886C4700C16F67 /* CustomActivityIndicatorView.swift in Sources */,
				2623BCE222888E9D00C16F67 /* ArticleDataProvider.swift in Sources */,
				2658C20D22871BF500C30B0E /* AppDelegate.swift in Sources */,
				2623BCDF2288811800C16F67 /* SearchHistoryCollectionViewCell.swift in Sources */,
			);
			runOnlyForDeploymentPostprocessing = 0;
		};
		2658C21922871BF900C30B0E /* Sources */ = {
			isa = PBXSourcesBuildPhase;
			buildActionMask = 2147483647;
			files = (
				2644008D228B2DDC00722F85 /* ArticlesViewControllerTests.swift in Sources */,
				2623BCDB22886E6A00C16F67 /* ArticleTests.swift in Sources */,
				26A97A862289EE46001033E1 /* SearchHistoryDataProviderTests.swift in Sources */,
				2623BCCF2288136600C16F67 /* SearchHistoryManagerTests.swift in Sources */,
				2658C23B22874B8F00C30B0E /* ArticleManagerTests.swift in Sources */,
				2658C24822875A0500C30B0E /* UrlBuilderTests.swift in Sources */,
				2623BCE82288A23500C16F67 /* ArticleDataProviderTests.swift in Sources */,
			);
			runOnlyForDeploymentPostprocessing = 0;
		};
		2658C22422871BF900C30B0E /* Sources */ = {
			isa = PBXSourcesBuildPhase;
			buildActionMask = 2147483647;
			files = (
				2658C22D22871BF900C30B0E /* PropertyGuruAssignmentUITests.swift in Sources */,
			);
			runOnlyForDeploymentPostprocessing = 0;
		};
/* End PBXSourcesBuildPhase section */

/* Begin PBXTargetDependency section */
		2658C21F22871BF900C30B0E /* PBXTargetDependency */ = {
			isa = PBXTargetDependency;
			target = 2658C20822871BF500C30B0E /* PropertyGuruAssignment */;
			targetProxy = 2658C21E22871BF900C30B0E /* PBXContainerItemProxy */;
		};
		2658C22A22871BF900C30B0E /* PBXTargetDependency */ = {
			isa = PBXTargetDependency;
			target = 2658C20822871BF500C30B0E /* PropertyGuruAssignment */;
			targetProxy = 2658C22922871BF900C30B0E /* PBXContainerItemProxy */;
		};
/* End PBXTargetDependency section */

/* Begin PBXVariantGroup section */
		2658C21022871BF500C30B0E /* Main.storyboard */ = {
			isa = PBXVariantGroup;
			children = (
				2658C21122871BF500C30B0E /* Base */,
			);
			name = Main.storyboard;
			sourceTree = "<group>";
		};
		2658C21522871BF800C30B0E /* LaunchScreen.storyboard */ = {
			isa = PBXVariantGroup;
			children = (
				2658C21622871BF800C30B0E /* Base */,
			);
			name = LaunchScreen.storyboard;
			sourceTree = "<group>";
		};
/* End PBXVariantGroup section */

/* Begin XCBuildConfiguration section */
		2658C22F22871BF900C30B0E /* Debug */ = {
			isa = XCBuildConfiguration;
			buildSettings = {
				ALWAYS_SEARCH_USER_PATHS = NO;
				CLANG_ANALYZER_NONNULL = YES;
				CLANG_ANALYZER_NUMBER_OBJECT_CONVERSION = YES_AGGRESSIVE;
				CLANG_CXX_LANGUAGE_STANDARD = "gnu++14";
				CLANG_CXX_LIBRARY = "libc++";
				CLANG_ENABLE_MODULES = YES;
				CLANG_ENABLE_OBJC_ARC = YES;
				CLANG_ENABLE_OBJC_WEAK = YES;
				CLANG_WARN_BLOCK_CAPTURE_AUTORELEASING = YES;
				CLANG_WARN_BOOL_CONVERSION = YES;
				CLANG_WARN_COMMA = YES;
				CLANG_WARN_CONSTANT_CONVERSION = YES;
				CLANG_WARN_DEPRECATED_OBJC_IMPLEMENTATIONS = YES;
				CLANG_WARN_DIRECT_OBJC_ISA_USAGE = YES_ERROR;
				CLANG_WARN_DOCUMENTATION_COMMENTS = YES;
				CLANG_WARN_EMPTY_BODY = YES;
				CLANG_WARN_ENUM_CONVERSION = YES;
				CLANG_WARN_INFINITE_RECURSION = YES;
				CLANG_WARN_INT_CONVERSION = YES;
				CLANG_WARN_NON_LITERAL_NULL_CONVERSION = YES;
				CLANG_WARN_OBJC_IMPLICIT_RETAIN_SELF = YES;
				CLANG_WARN_OBJC_LITERAL_CONVERSION = YES;
				CLANG_WARN_OBJC_ROOT_CLASS = YES_ERROR;
				CLANG_WARN_RANGE_LOOP_ANALYSIS = YES;
				CLANG_WARN_STRICT_PROTOTYPES = YES;
				CLANG_WARN_SUSPICIOUS_MOVE = YES;
				CLANG_WARN_UNGUARDED_AVAILABILITY = YES_AGGRESSIVE;
				CLANG_WARN_UNREACHABLE_CODE = YES;
				CLANG_WARN__DUPLICATE_METHOD_MATCH = YES;
				CODE_SIGN_IDENTITY = "iPhone Developer";
				COPY_PHASE_STRIP = NO;
				DEBUG_INFORMATION_FORMAT = dwarf;
				ENABLE_STRICT_OBJC_MSGSEND = YES;
				ENABLE_TESTABILITY = YES;
				GCC_C_LANGUAGE_STANDARD = gnu11;
				GCC_DYNAMIC_NO_PIC = NO;
				GCC_NO_COMMON_BLOCKS = YES;
				GCC_OPTIMIZATION_LEVEL = 0;
				GCC_PREPROCESSOR_DEFINITIONS = (
					"DEBUG=1",
					"$(inherited)",
				);
				GCC_WARN_64_TO_32_BIT_CONVERSION = YES;
				GCC_WARN_ABOUT_RETURN_TYPE = YES_ERROR;
				GCC_WARN_UNDECLARED_SELECTOR = YES;
				GCC_WARN_UNINITIALIZED_AUTOS = YES_AGGRESSIVE;
				GCC_WARN_UNUSED_FUNCTION = YES;
				GCC_WARN_UNUSED_VARIABLE = YES;
				IPHONEOS_DEPLOYMENT_TARGET = 12.1;
				MTL_ENABLE_DEBUG_INFO = INCLUDE_SOURCE;
				MTL_FAST_MATH = YES;
				ONLY_ACTIVE_ARCH = YES;
				SDKROOT = iphoneos;
				SWIFT_ACTIVE_COMPILATION_CONDITIONS = DEBUG;
				SWIFT_OPTIMIZATION_LEVEL = "-Onone";
			};
			name = Debug;
		};
		2658C23022871BF900C30B0E /* Release */ = {
			isa = XCBuildConfiguration;
			buildSettings = {
				ALWAYS_SEARCH_USER_PATHS = NO;
				CLANG_ANALYZER_NONNULL = YES;
				CLANG_ANALYZER_NUMBER_OBJECT_CONVERSION = YES_AGGRESSIVE;
				CLANG_CXX_LANGUAGE_STANDARD = "gnu++14";
				CLANG_CXX_LIBRARY = "libc++";
				CLANG_ENABLE_MODULES = YES;
				CLANG_ENABLE_OBJC_ARC = YES;
				CLANG_ENABLE_OBJC_WEAK = YES;
				CLANG_WARN_BLOCK_CAPTURE_AUTORELEASING = YES;
				CLANG_WARN_BOOL_CONVERSION = YES;
				CLANG_WARN_COMMA = YES;
				CLANG_WARN_CONSTANT_CONVERSION = YES;
				CLANG_WARN_DEPRECATED_OBJC_IMPLEMENTATIONS = YES;
				CLANG_WARN_DIRECT_OBJC_ISA_USAGE = YES_ERROR;
				CLANG_WARN_DOCUMENTATION_COMMENTS = YES;
				CLANG_WARN_EMPTY_BODY = YES;
				CLANG_WARN_ENUM_CONVERSION = YES;
				CLANG_WARN_INFINITE_RECURSION = YES;
				CLANG_WARN_INT_CONVERSION = YES;
				CLANG_WARN_NON_LITERAL_NULL_CONVERSION = YES;
				CLANG_WARN_OBJC_IMPLICIT_RETAIN_SELF = YES;
				CLANG_WARN_OBJC_LITERAL_CONVERSION = YES;
				CLANG_WARN_OBJC_ROOT_CLASS = YES_ERROR;
				CLANG_WARN_RANGE_LOOP_ANALYSIS = YES;
				CLANG_WARN_STRICT_PROTOTYPES = YES;
				CLANG_WARN_SUSPICIOUS_MOVE = YES;
				CLANG_WARN_UNGUARDED_AVAILABILITY = YES_AGGRESSIVE;
				CLANG_WARN_UNREACHABLE_CODE = YES;
				CLANG_WARN__DUPLICATE_METHOD_MATCH = YES;
				CODE_SIGN_IDENTITY = "iPhone Developer";
				COPY_PHASE_STRIP = NO;
				DEBUG_INFORMATION_FORMAT = "dwarf-with-dsym";
				ENABLE_NS_ASSERTIONS = NO;
				ENABLE_STRICT_OBJC_MSGSEND = YES;
				GCC_C_LANGUAGE_STANDARD = gnu11;
				GCC_NO_COMMON_BLOCKS = YES;
				GCC_WARN_64_TO_32_BIT_CONVERSION = YES;
				GCC_WARN_ABOUT_RETURN_TYPE = YES_ERROR;
				GCC_WARN_UNDECLARED_SELECTOR = YES;
				GCC_WARN_UNINITIALIZED_AUTOS = YES_AGGRESSIVE;
				GCC_WARN_UNUSED_FUNCTION = YES;
				GCC_WARN_UNUSED_VARIABLE = YES;
				IPHONEOS_DEPLOYMENT_TARGET = 12.1;
				MTL_ENABLE_DEBUG_INFO = NO;
				MTL_FAST_MATH = YES;
				SDKROOT = iphoneos;
				SWIFT_COMPILATION_MODE = wholemodule;
				SWIFT_OPTIMIZATION_LEVEL = "-O";
				VALIDATE_PRODUCT = YES;
			};
			name = Release;
		};
		2658C23222871BF900C30B0E /* Debug */ = {
			isa = XCBuildConfiguration;
			buildSettings = {
				ASSETCATALOG_COMPILER_APPICON_NAME = AppIcon;
				CODE_SIGN_STYLE = Manual;
				DEVELOPMENT_TEAM = "";
				INFOPLIST_FILE = PropertyGuruAssignment/Info.plist;
				LD_RUNPATH_SEARCH_PATHS = (
					"$(inherited)",
					"@executable_path/Frameworks",
				);
				PRODUCT_BUNDLE_IDENTIFIER = com.duynb.PropertyGuruAssignment;
				PRODUCT_NAME = "$(TARGET_NAME)";
				PROVISIONING_PROFILE_SPECIFIER = "";
				SWIFT_VERSION = 4.2;
				TARGETED_DEVICE_FAMILY = 1;
			};
			name = Debug;
		};
		2658C23322871BF900C30B0E /* Release */ = {
			isa = XCBuildConfiguration;
			buildSettings = {
				ASSETCATALOG_COMPILER_APPICON_NAME = AppIcon;
				CODE_SIGN_STYLE = Manual;
				DEVELOPMENT_TEAM = "";
				INFOPLIST_FILE = PropertyGuruAssignment/Info.plist;
				LD_RUNPATH_SEARCH_PATHS = (
					"$(inherited)",
					"@executable_path/Frameworks",
				);
				PRODUCT_BUNDLE_IDENTIFIER = com.duynb.PropertyGuruAssignment;
				PRODUCT_NAME = "$(TARGET_NAME)";
				PROVISIONING_PROFILE_SPECIFIER = "";
				SWIFT_VERSION = 4.2;
				TARGETED_DEVICE_FAMILY = 1;
			};
			name = Release;
		};
		2658C23522871BF900C30B0E /* Debug */ = {
			isa = XCBuildConfiguration;
			buildSettings = {
				ALWAYS_EMBED_SWIFT_STANDARD_LIBRARIES = YES;
				BUNDLE_LOADER = "$(TEST_HOST)";
				CODE_SIGN_STYLE = Automatic;
				INFOPLIST_FILE = PropertyGuruAssignmentTests/Info.plist;
				LD_RUNPATH_SEARCH_PATHS = (
					"$(inherited)",
					"@executable_path/Frameworks",
					"@loader_path/Frameworks",
				);
				PRODUCT_BUNDLE_IDENTIFIER = com.duynb.PropertyGuruAssignmentTests;
				PRODUCT_NAME = "$(TARGET_NAME)";
				SWIFT_VERSION = 4.2;
				TARGETED_DEVICE_FAMILY = "1,2";
				TEST_HOST = "$(BUILT_PRODUCTS_DIR)/PropertyGuruAssignment.app/PropertyGuruAssignment";
			};
			name = Debug;
		};
		2658C23622871BF900C30B0E /* Release */ = {
			isa = XCBuildConfiguration;
			buildSettings = {
				ALWAYS_EMBED_SWIFT_STANDARD_LIBRARIES = YES;
				BUNDLE_LOADER = "$(TEST_HOST)";
				CODE_SIGN_STYLE = Automatic;
				INFOPLIST_FILE = PropertyGuruAssignmentTests/Info.plist;
				LD_RUNPATH_SEARCH_PATHS = (
					"$(inherited)",
					"@executable_path/Frameworks",
					"@loader_path/Frameworks",
				);
				PRODUCT_BUNDLE_IDENTIFIER = com.duynb.PropertyGuruAssignmentTests;
				PRODUCT_NAME = "$(TARGET_NAME)";
				SWIFT_VERSION = 4.2;
				TARGETED_DEVICE_FAMILY = "1,2";
				TEST_HOST = "$(BUILT_PRODUCTS_DIR)/PropertyGuruAssignment.app/PropertyGuruAssignment";
			};
			name = Release;
		};
		2658C23822871BF900C30B0E /* Debug */ = {
			isa = XCBuildConfiguration;
			buildSettings = {
				ALWAYS_EMBED_SWIFT_STANDARD_LIBRARIES = YES;
				CODE_SIGN_STYLE = Automatic;
				INFOPLIST_FILE = PropertyGuruAssignmentUITests/Info.plist;
				LD_RUNPATH_SEARCH_PATHS = (
					"$(inherited)",
					"@executable_path/Frameworks",
					"@loader_path/Frameworks",
				);
				PRODUCT_BUNDLE_IDENTIFIER = com.duynb.PropertyGuruAssignmentUITests;
				PRODUCT_NAME = "$(TARGET_NAME)";
				SWIFT_VERSION = 4.2;
				TARGETED_DEVICE_FAMILY = "1,2";
				TEST_TARGET_NAME = PropertyGuruAssignment;
			};
			name = Debug;
		};
		2658C23922871BF900C30B0E /* Release */ = {
			isa = XCBuildConfiguration;
			buildSettings = {
				ALWAYS_EMBED_SWIFT_STANDARD_LIBRARIES = YES;
				CODE_SIGN_STYLE = Automatic;
				INFOPLIST_FILE = PropertyGuruAssignmentUITests/Info.plist;
				LD_RUNPATH_SEARCH_PATHS = (
					"$(inherited)",
					"@executable_path/Frameworks",
					"@loader_path/Frameworks",
				);
				PRODUCT_BUNDLE_IDENTIFIER = com.duynb.PropertyGuruAssignmentUITests;
				PRODUCT_NAME = "$(TARGET_NAME)";
				SWIFT_VERSION = 4.2;
				TARGETED_DEVICE_FAMILY = "1,2";
				TEST_TARGET_NAME = PropertyGuruAssignment;
			};
			name = Release;
		};
/* End XCBuildConfiguration section */

/* Begin XCConfigurationList section */
		2658C20422871BF500C30B0E /* Build configuration list for PBXProject "PropertyGuruAssignment" */ = {
			isa = XCConfigurationList;
			buildConfigurations = (
				2658C22F22871BF900C30B0E /* Debug */,
				2658C23022871BF900C30B0E /* Release */,
			);
			defaultConfigurationIsVisible = 0;
			defaultConfigurationName = Release;
		};
		2658C23122871BF900C30B0E /* Build configuration list for PBXNativeTarget "PropertyGuruAssignment" */ = {
			isa = XCConfigurationList;
			buildConfigurations = (
				2658C23222871BF900C30B0E /* Debug */,
				2658C23322871BF900C30B0E /* Release */,
			);
			defaultConfigurationIsVisible = 0;
			defaultConfigurationName = Release;
		};
		2658C23422871BF900C30B0E /* Build configuration list for PBXNativeTarget "PropertyGuruAssignmentTests" */ = {
			isa = XCConfigurationList;
			buildConfigurations = (
				2658C23522871BF900C30B0E /* Debug */,
				2658C23622871BF900C30B0E /* Release */,
			);
			defaultConfigurationIsVisible = 0;
			defaultConfigurationName = Release;
		};
		2658C23722871BF900C30B0E /* Build configuration list for PBXNativeTarget "PropertyGuruAssignmentUITests" */ = {
			isa = XCConfigurationList;
			buildConfigurations = (
				2658C23822871BF900C30B0E /* Debug */,
				2658C23922871BF900C30B0E /* Release */,
			);
			defaultConfigurationIsVisible = 0;
			defaultConfigurationName = Release;
		};
/* End XCConfigurationList section */
	};
	rootObject = 2658C20122871BF500C30B0E /* Project object */;
}
